
Microsoft Visual Studio Solution File, Format Version 12.00
# Visual Studio Version 17
VisualStudioVersion = 17.7.34018.315
MinimumVisualStudioVersion = 10.0.40219.1
Project("{FAE04EC0-301F-11D3-BF4B-00C04F79EFBC}") = "FinalProject", "FinalProject\FinalProject.csproj", "{CC05AD05-AF86-40FC-98E2-C6028F6EC97D}"
EndProject
Global
	GlobalSection(SolutionConfigurationPlatforms) = preSolution
		Debug|Any CPU = Debug|Any CPU
		Release|Any CPU = Release|Any CPU
	EndGlobalSection
	GlobalSection(ProjectConfigurationPlatforms) = postSolution
		{CC05AD05-AF86-40FC-98E2-C6028F6EC97D}.Debug|Any CPU.ActiveCfg = Debug|Any CPU
		{CC05AD05-AF86-40FC-98E2-C6028F6EC97D}.Debug|Any CPU.Build.0 = Debug|Any CPU
		{CC05AD05-AF86-40FC-98E2-C6028F6EC97D}.Release|Any CPU.ActiveCfg = Release|Any CPU
		{CC05AD05-AF86-40FC-98E2-C6028F6EC97D}.Release|Any CPU.Build.0 = Release|Any CPU
	EndGlobalSection
	GlobalSection(SolutionProperties) = preSolution
		HideSolutionNode = FALSE
	EndGlobalSection
	GlobalSection(ExtensibilityGlobals) = postSolution
		SolutionGuid = {166FE968-9930-4888-AFE3-6654B8AD30F4}
	EndGlobalSection
EndGlobal
